
Microsoft Visual Studio Solution File, Format Version 12.00
# Visual Studio Version 17
VisualStudioVersion = 17.0.31903.59
MinimumVisualStudioVersion = 10.0.40219.1
Project("{FAE04EC0-301F-11D3-BF4B-00C04F79EFBC}") = "Cinema.Domain", "src\Cinema.Domain\Cinema.Domain.csproj", "{ED1A8A96-D7D0-4641-992D-D72622986086}"
EndProject
Project("{FAE04EC0-301F-11D3-BF4B-00C04F79EFBC}") = "Cinema.Application", "src\Cinema.Application\Cinema.Application.csproj", "{E3633075-D09B-417C-843D-F85012D92744}"
EndProject
Project("{FAE04EC0-301F-11D3-BF4B-00C04F79EFBC}") = "Cinema.Infrastructure", "src\Cinema.Infrastructure\Cinema.Infrastructure.csproj", "{02BC97FF-FD37-4BBE-B9CC-F2866D043EDC}"
EndProject
Project("{FAE04EC0-301F-11D3-BF4B-00C04F79EFBC}") = "Cinema.Api", "src\Host\Cinema.Api\Cinema.Api.csproj", "{671894C1-0E7E-43DD-85FB-198C69CEB8DB}"
EndProject
Project("{2150E333-8FDC-42A3-9474-1A3956D46DE8}") = "src", "src", "{1CDE4FB1-742D-4255-B430-E885969135A0}"
EndProject
Project("{2150E333-8FDC-42A3-9474-1A3956D46DE8}") = "Host", "Host", "{DE6A286F-1269-4C10-B059-BC100A5B48A9}"
EndProject
Project("{2150E333-8FDC-42A3-9474-1A3956D46DE8}") = "tests", "tests", "{0AB3BF05-4346-4AA6-1389-037BE0695223}"
EndProject
Project("{FAE04EC0-301F-11D3-BF4B-00C04F79EFBC}") = "Cinema.ArchitectureTests", "tests\Cinema.ArchitectureTests\Cinema.ArchitectureTests.csproj", "{E73CC82A-C53C-44F5-B369-44C732EC2C6A}"
EndProject
Project("{2150E333-8FDC-42A3-9474-1A3956D46DE8}") = "BuildingBlocks", "BuildingBlocks", "{5A0A17C9-A22E-9909-FA36-D0CFCDCA95AA}"
EndProject
Project("{FAE04EC0-301F-11D3-BF4B-00C04F79EFBC}") = "Cinema.SharedKernel", "src\BuildingBlocks\Cinema.SharedKernel\Cinema.SharedKernel.csproj", "{1CE1FCAF-A1F2-4550-A9A7-870B5DC3C6E3}"
EndProject
Project("{2150E333-8FDC-42A3-9474-1A3956D46DE8}") = "Modules", "Modules", "{B76AFE69-1C02-031A-61EE-3FDEEA16B6A6}"
EndProject
Project("{2150E333-8FDC-42A3-9474-1A3956D46DE8}") = "Catalog", "Catalog", "{86B5276B-6A53-7CB4-5648-0D21FB9317E9}"
EndProject
Project("{FAE04EC0-301F-11D3-BF4B-00C04F79EFBC}") = "Cinema.Catalog.Domain", "src\Modules\Catalog\Cinema.Catalog.Domain\Cinema.Catalog.Domain.csproj", "{A9B361C6-CE68-4440-BFAB-0F38013DA0E2}"
EndProject
Project("{FAE04EC0-301F-11D3-BF4B-00C04F79EFBC}") = "Cinema.Catalog.Application", "src\Modules\Catalog\Cinema.Catalog.Application\Cinema.Catalog.Application.csproj", "{DD2FBD7F-6BEF-4EAE-BB1A-A339B4BC5083}"
EndProject
Project("{FAE04EC0-301F-11D3-BF4B-00C04F79EFBC}") = "Cinema.Catalog.Infrastructure", "src\Modules\Catalog\Cinema.Catalog.Infrastructure\Cinema.Catalog.Infrastructure.csproj", "{19C9BEB1-D626-4FEA-BD78-6A6F12BAEF37}"
EndProject
Project("{2150E333-8FDC-42A3-9474-1A3956D46DE8}") = "Scheduling", "Scheduling", "{5E6DB752-B76E-6EF0-10F9-4F4983CF88BF}"
EndProject
Project("{FAE04EC0-301F-11D3-BF4B-00C04F79EFBC}") = "Cinema.Scheduling.Domain", "src\Modules\Scheduling\Cinema.Scheduling.Domain\Cinema.Scheduling.Domain.csproj", "{2B04B492-25F1-46CB-ACD1-AD13B85588B9}"
EndProject
Project("{FAE04EC0-301F-11D3-BF4B-00C04F79EFBC}") = "Cinema.Scheduling.Application", "src\Modules\Scheduling\Cinema.Scheduling.Application\Cinema.Scheduling.Application.csproj", "{0A8AA902-A907-41C0-9B5F-2DDE67D8C4C4}"
EndProject
Project("{FAE04EC0-301F-11D3-BF4B-00C04F79EFBC}") = "Cinema.Scheduling.Infrastructure", "src\Modules\Scheduling\Cinema.Scheduling.Infrastructure\Cinema.Scheduling.Infrastructure.csproj", "{B3AB52E7-3CA2-4AC7-8C16-EAA0E50FB151}"
EndProject
Project("{FAE04EC0-301F-11D3-BF4B-00C04F79EFBC}") = "Cinema.SchedulingTests", "tests\Cinema.SchedulingTests\Cinema.SchedulingTests.csproj", "{4D72213F-AB12-4945-A412-E62E6F6DF05E}"
EndProject
Project("{2150E333-8FDC-42A3-9474-1A3956D46DE8}") = "Booking", "Booking", "{55EC4B62-5580-F88B-8BC4-BABCE18D5B62}"
EndProject
Project("{FAE04EC0-301F-11D3-BF4B-00C04F79EFBC}") = "Cinema.Booking.Application", "src\Modules\Booking\Cinema.Booking.Application\Cinema.Booking.Application.csproj", "{74C09327-D4A3-479F-B558-04AA52E17C0E}"
EndProject
Project("{FAE04EC0-301F-11D3-BF4B-00C04F79EFBC}") = "Cinema.Booking.Infrastructure", "src\Modules\Booking\Cinema.Booking.Infrastructure\Cinema.Booking.Infrastructure.csproj", "{554F23DD-9297-4EDF-AF54-D63F178FFC9A}"
EndProject
Project("{FAE04EC0-301F-11D3-BF4B-00C04F79EFBC}") = "Cinema.BookingTests", "tests\Cinema.BookingTests\Cinema.BookingTests.csproj", "{B219EB32-238F-4065-9C75-AEC967CEBA8C}"
EndProject
Global
	GlobalSection(SolutionConfigurationPlatforms) = preSolution
		Debug|Any CPU = Debug|Any CPU
		Debug|x64 = Debug|x64
		Debug|x86 = Debug|x86
		Release|Any CPU = Release|Any CPU
		Release|x64 = Release|x64
		Release|x86 = Release|x86
	EndGlobalSection
	GlobalSection(ProjectConfigurationPlatforms) = postSolution
		{ED1A8A96-D7D0-4641-992D-D72622986086}.Debug|Any CPU.ActiveCfg = Debug|Any CPU
		{ED1A8A96-D7D0-4641-992D-D72622986086}.Debug|Any CPU.Build.0 = Debug|Any CPU
		{ED1A8A96-D7D0-4641-992D-D72622986086}.Debug|x64.ActiveCfg = Debug|Any CPU
		{ED1A8A96-D7D0-4641-992D-D72622986086}.Debug|x64.Build.0 = Debug|Any CPU
		{ED1A8A96-D7D0-4641-992D-D72622986086}.Debug|x86.ActiveCfg = Debug|Any CPU
		{ED1A8A96-D7D0-4641-992D-D72622986086}.Debug|x86.Build.0 = Debug|Any CPU
		{ED1A8A96-D7D0-4641-992D-D72622986086}.Release|Any CPU.ActiveCfg = Release|Any CPU
		{ED1A8A96-D7D0-4641-992D-D72622986086}.Release|Any CPU.Build.0 = Release|Any CPU
		{ED1A8A96-D7D0-4641-992D-D72622986086}.Release|x64.ActiveCfg = Release|Any CPU
		{ED1A8A96-D7D0-4641-992D-D72622986086}.Release|x64.Build.0 = Release|Any CPU
		{ED1A8A96-D7D0-4641-992D-D72622986086}.Release|x86.ActiveCfg = Release|Any CPU
		{ED1A8A96-D7D0-4641-992D-D72622986086}.Release|x86.Build.0 = Release|Any CPU
		{E3633075-D09B-417C-843D-F85012D92744}.Debug|Any CPU.ActiveCfg = Debug|Any CPU
		{E3633075-D09B-417C-843D-F85012D92744}.Debug|Any CPU.Build.0 = Debug|Any CPU
		{E3633075-D09B-417C-843D-F85012D92744}.Debug|x64.ActiveCfg = Debug|Any CPU
		{E3633075-D09B-417C-843D-F85012D92744}.Debug|x64.Build.0 = Debug|Any CPU
		{E3633075-D09B-417C-843D-F85012D92744}.Debug|x86.ActiveCfg = Debug|Any CPU
		{E3633075-D09B-417C-843D-F85012D92744}.Debug|x86.Build.0 = Debug|Any CPU
		{E3633075-D09B-417C-843D-F85012D92744}.Release|Any CPU.ActiveCfg = Release|Any CPU
		{E3633075-D09B-417C-843D-F85012D92744}.Release|Any CPU.Build.0 = Release|Any CPU
		{E3633075-D09B-417C-843D-F85012D92744}.Release|x64.ActiveCfg = Release|Any CPU
		{E3633075-D09B-417C-843D-F85012D92744}.Release|x64.Build.0 = Release|Any CPU
		{E3633075-D09B-417C-843D-F85012D92744}.Release|x86.ActiveCfg = Release|Any CPU
		{E3633075-D09B-417C-843D-F85012D92744}.Release|x86.Build.0 = Release|Any CPU
		{02BC97FF-FD37-4BBE-B9CC-F2866D043EDC}.Debug|Any CPU.ActiveCfg = Debug|Any CPU
		{02BC97FF-FD37-4BBE-B9CC-F2866D043EDC}.Debug|Any CPU.Build.0 = Debug|Any CPU
		{02BC97FF-FD37-4BBE-B9CC-F2866D043EDC}.Debug|x64.ActiveCfg = Debug|Any CPU
		{02BC97FF-FD37-4BBE-B9CC-F2866D043EDC}.Debug|x64.Build.0 = Debug|Any CPU
		{02BC97FF-FD37-4BBE-B9CC-F2866D043EDC}.Debug|x86.ActiveCfg = Debug|Any CPU
		{02BC97FF-FD37-4BBE-B9CC-F2866D043EDC}.Debug|x86.Build.0 = Debug|Any CPU
		{02BC97FF-FD37-4BBE-B9CC-F2866D043EDC}.Release|Any CPU.ActiveCfg = Release|Any CPU
		{02BC97FF-FD37-4BBE-B9CC-F2866D043EDC}.Release|Any CPU.Build.0 = Release|Any CPU
		{02BC97FF-FD37-4BBE-B9CC-F2866D043EDC}.Release|x64.ActiveCfg = Release|Any CPU
		{02BC97FF-FD37-4BBE-B9CC-F2866D043EDC}.Release|x64.Build.0 = Release|Any CPU
		{02BC97FF-FD37-4BBE-B9CC-F2866D043EDC}.Release|x86.ActiveCfg = Release|Any CPU
		{02BC97FF-FD37-4BBE-B9CC-F2866D043EDC}.Release|x86.Build.0 = Release|Any CPU
		{671894C1-0E7E-43DD-85FB-198C69CEB8DB}.Debug|Any CPU.ActiveCfg = Debug|Any CPU
		{671894C1-0E7E-43DD-85FB-198C69CEB8DB}.Debug|Any CPU.Build.0 = Debug|Any CPU
		{671894C1-0E7E-43DD-85FB-198C69CEB8DB}.Debug|x64.ActiveCfg = Debug|Any CPU
		{671894C1-0E7E-43DD-85FB-198C69CEB8DB}.Debug|x64.Build.0 = Debug|Any CPU
		{671894C1-0E7E-43DD-85FB-198C69CEB8DB}.Debug|x86.ActiveCfg = Debug|Any CPU
		{671894C1-0E7E-43DD-85FB-198C69CEB8DB}.Debug|x86.Build.0 = Debug|Any CPU
		{671894C1-0E7E-43DD-85FB-198C69CEB8DB}.Release|Any CPU.ActiveCfg = Release|Any CPU
		{671894C1-0E7E-43DD-85FB-198C69CEB8DB}.Release|Any CPU.Build.0 = Release|Any CPU
		{671894C1-0E7E-43DD-85FB-198C69CEB8DB}.Release|x64.ActiveCfg = Release|Any CPU
		{671894C1-0E7E-43DD-85FB-198C69CEB8DB}.Release|x64.Build.0 = Release|Any CPU
		{671894C1-0E7E-43DD-85FB-198C69CEB8DB}.Release|x86.ActiveCfg = Release|Any CPU
		{671894C1-0E7E-43DD-85FB-198C69CEB8DB}.Release|x86.Build.0 = Release|Any CPU
		{E73CC82A-C53C-44F5-B369-44C732EC2C6A}.Debug|Any CPU.ActiveCfg = Debug|Any CPU
		{E73CC82A-C53C-44F5-B369-44C732EC2C6A}.Debug|Any CPU.Build.0 = Debug|Any CPU
		{E73CC82A-C53C-44F5-B369-44C732EC2C6A}.Debug|x64.ActiveCfg = Debug|Any CPU
		{E73CC82A-C53C-44F5-B369-44C732EC2C6A}.Debug|x64.Build.0 = Debug|Any CPU
		{E73CC82A-C53C-44F5-B369-44C732EC2C6A}.Debug|x86.ActiveCfg = Debug|Any CPU
		{E73CC82A-C53C-44F5-B369-44C732EC2C6A}.Debug|x86.Build.0 = Debug|Any CPU
		{E73CC82A-C53C-44F5-B369-44C732EC2C6A}.Release|Any CPU.ActiveCfg = Release|Any CPU
		{E73CC82A-C53C-44F5-B369-44C732EC2C6A}.Release|Any CPU.Build.0 = Release|Any CPU
		{E73CC82A-C53C-44F5-B369-44C732EC2C6A}.Release|x64.ActiveCfg = Release|Any CPU
		{E73CC82A-C53C-44F5-B369-44C732EC2C6A}.Release|x64.Build.0 = Release|Any CPU
		{E73CC82A-C53C-44F5-B369-44C732EC2C6A}.Release|x86.ActiveCfg = Release|Any CPU
		{E73CC82A-C53C-44F5-B369-44C732EC2C6A}.Release|x86.Build.0 = Release|Any CPU
		{1CE1FCAF-A1F2-4550-A9A7-870B5DC3C6E3}.Debug|Any CPU.ActiveCfg = Debug|Any CPU
		{1CE1FCAF-A1F2-4550-A9A7-870B5DC3C6E3}.Debug|Any CPU.Build.0 = Debug|Any CPU
		{1CE1FCAF-A1F2-4550-A9A7-870B5DC3C6E3}.Debug|x64.ActiveCfg = Debug|Any CPU
		{1CE1FCAF-A1F2-4550-A9A7-870B5DC3C6E3}.Debug|x64.Build.0 = Debug|Any CPU
		{1CE1FCAF-A1F2-4550-A9A7-870B5DC3C6E3}.Debug|x86.ActiveCfg = Debug|Any CPU
		{1CE1FCAF-A1F2-4550-A9A7-870B5DC3C6E3}.Debug|x86.Build.0 = Debug|Any CPU
		{1CE1FCAF-A1F2-4550-A9A7-870B5DC3C6E3}.Release|Any CPU.ActiveCfg = Release|Any CPU
		{1CE1FCAF-A1F2-4550-A9A7-870B5DC3C6E3}.Release|Any CPU.Build.0 = Release|Any CPU
		{1CE1FCAF-A1F2-4550-A9A7-870B5DC3C6E3}.Release|x64.ActiveCfg = Release|Any CPU
		{1CE1FCAF-A1F2-4550-A9A7-870B5DC3C6E3}.Release|x64.Build.0 = Release|Any CPU
		{1CE1FCAF-A1F2-4550-A9A7-870B5DC3C6E3}.Release|x86.ActiveCfg = Release|Any CPU
		{1CE1FCAF-A1F2-4550-A9A7-870B5DC3C6E3}.Release|x86.Build.0 = Release|Any CPU
		{A9B361C6-CE68-4440-BFAB-0F38013DA0E2}.Debug|Any CPU.ActiveCfg = Debug|Any CPU
		{A9B361C6-CE68-4440-BFAB-0F38013DA0E2}.Debug|Any CPU.Build.0 = Debug|Any CPU
		{A9B361C6-CE68-4440-BFAB-0F38013DA0E2}.Debug|x64.ActiveCfg = Debug|Any CPU
		{A9B361C6-CE68-4440-BFAB-0F38013DA0E2}.Debug|x64.Build.0 = Debug|Any CPU
		{A9B361C6-CE68-4440-BFAB-0F38013DA0E2}.Debug|x86.ActiveCfg = Debug|Any CPU
		{A9B361C6-CE68-4440-BFAB-0F38013DA0E2}.Debug|x86.Build.0 = Debug|Any CPU
		{A9B361C6-CE68-4440-BFAB-0F38013DA0E2}.Release|Any CPU.ActiveCfg = Release|Any CPU
		{A9B361C6-CE68-4440-BFAB-0F38013DA0E2}.Release|Any CPU.Build.0 = Release|Any CPU
		{A9B361C6-CE68-4440-BFAB-0F38013DA0E2}.Release|x64.ActiveCfg = Release|Any CPU
		{A9B361C6-CE68-4440-BFAB-0F38013DA0E2}.Release|x64.Build.0 = Release|Any CPU
		{A9B361C6-CE68-4440-BFAB-0F38013DA0E2}.Release|x86.ActiveCfg = Release|Any CPU
		{A9B361C6-CE68-4440-BFAB-0F38013DA0E2}.Release|x86.Build.0 = Release|Any CPU
		{DD2FBD7F-6BEF-4EAE-BB1A-A339B4BC5083}.Debug|Any CPU.ActiveCfg = Debug|Any CPU
		{DD2FBD7F-6BEF-4EAE-BB1A-A339B4BC5083}.Debug|Any CPU.Build.0 = Debug|Any CPU
		{DD2FBD7F-6BEF-4EAE-BB1A-A339B4BC5083}.Debug|x64.ActiveCfg = Debug|Any CPU
		{DD2FBD7F-6BEF-4EAE-BB1A-A339B4BC5083}.Debug|x64.Build.0 = Debug|Any CPU
		{DD2FBD7F-6BEF-4EAE-BB1A-A339B4BC5083}.Debug|x86.ActiveCfg = Debug|Any CPU
		{DD2FBD7F-6BEF-4EAE-BB1A-A339B4BC5083}.Debug|x86.Build.0 = Debug|Any CPU
		{DD2FBD7F-6BEF-4EAE-BB1A-A339B4BC5083}.Release|Any CPU.ActiveCfg = Release|Any CPU
		{DD2FBD7F-6BEF-4EAE-BB1A-A339B4BC5083}.Release|Any CPU.Build.0 = Release|Any CPU
		{DD2FBD7F-6BEF-4EAE-BB1A-A339B4BC5083}.Release|x64.ActiveCfg = Release|Any CPU
		{DD2FBD7F-6BEF-4EAE-BB1A-A339B4BC5083}.Release|x64.Build.0 = Release|Any CPU
		{DD2FBD7F-6BEF-4EAE-BB1A-A339B4BC5083}.Release|x86.ActiveCfg = Release|Any CPU
		{DD2FBD7F-6BEF-4EAE-BB1A-A339B4BC5083}.Release|x86.Build.0 = Release|Any CPU
		{19C9BEB1-D626-4FEA-BD78-6A6F12BAEF37}.Debug|Any CPU.ActiveCfg = Debug|Any CPU
		{19C9BEB1-D626-4FEA-BD78-6A6F12BAEF37}.Debug|Any CPU.Build.0 = Debug|Any CPU
		{19C9BEB1-D626-4FEA-BD78-6A6F12BAEF37}.Debug|x64.ActiveCfg = Debug|Any CPU
		{19C9BEB1-D626-4FEA-BD78-6A6F12BAEF37}.Debug|x64.Build.0 = Debug|Any CPU
		{19C9BEB1-D626-4FEA-BD78-6A6F12BAEF37}.Debug|x86.ActiveCfg = Debug|Any CPU
		{19C9BEB1-D626-4FEA-BD78-6A6F12BAEF37}.Debug|x86.Build.0 = Debug|Any CPU
		{19C9BEB1-D626-4FEA-BD78-6A6F12BAEF37}.Release|Any CPU.ActiveCfg = Release|Any CPU
		{19C9BEB1-D626-4FEA-BD78-6A6F12BAEF37}.Release|Any CPU.Build.0 = Release|Any CPU
		{19C9BEB1-D626-4FEA-BD78-6A6F12BAEF37}.Release|x64.ActiveCfg = Release|Any CPU
		{19C9BEB1-D626-4FEA-BD78-6A6F12BAEF37}.Release|x64.Build.0 = Release|Any CPU
		{19C9BEB1-D626-4FEA-BD78-6A6F12BAEF37}.Release|x86.ActiveCfg = Release|Any CPU
		{19C9BEB1-D626-4FEA-BD78-6A6F12BAEF37}.Release|x86.Build.0 = Release|Any CPU
		{2B04B492-25F1-46CB-ACD1-AD13B85588B9}.Debug|Any CPU.ActiveCfg = Debug|Any CPU
		{2B04B492-25F1-46CB-ACD1-AD13B85588B9}.Debug|Any CPU.Build.0 = Debug|Any CPU
		{2B04B492-25F1-46CB-ACD1-AD13B85588B9}.Debug|x64.ActiveCfg = Debug|Any CPU
		{2B04B492-25F1-46CB-ACD1-AD13B85588B9}.Debug|x64.Build.0 = Debug|Any CPU
		{2B04B492-25F1-46CB-ACD1-AD13B85588B9}.Debug|x86.ActiveCfg = Debug|Any CPU
		{2B04B492-25F1-46CB-ACD1-AD13B85588B9}.Debug|x86.Build.0 = Debug|Any CPU
		{2B04B492-25F1-46CB-ACD1-AD13B85588B9}.Release|Any CPU.ActiveCfg = Release|Any CPU
		{2B04B492-25F1-46CB-ACD1-AD13B85588B9}.Release|Any CPU.Build.0 = Release|Any CPU
		{2B04B492-25F1-46CB-ACD1-AD13B85588B9}.Release|x64.ActiveCfg = Release|Any CPU
		{2B04B492-25F1-46CB-ACD1-AD13B85588B9}.Release|x64.Build.0 = Release|Any CPU
		{2B04B492-25F1-46CB-ACD1-AD13B85588B9}.Release|x86.ActiveCfg = Release|Any CPU
		{2B04B492-25F1-46CB-ACD1-AD13B85588B9}.Release|x86.Build.0 = Release|Any CPU
		{0A8AA902-A907-41C0-9B5F-2DDE67D8C4C4}.Debug|Any CPU.ActiveCfg = Debug|Any CPU
		{0A8AA902-A907-41C0-9B5F-2DDE67D8C4C4}.Debug|Any CPU.Build.0 = Debug|Any CPU
		{0A8AA902-A907-41C0-9B5F-2DDE67D8C4C4}.Debug|x64.ActiveCfg = Debug|Any CPU
		{0A8AA902-A907-41C0-9B5F-2DDE67D8C4C4}.Debug|x64.Build.0 = Debug|Any CPU
		{0A8AA902-A907-41C0-9B5F-2DDE67D8C4C4}.Debug|x86.ActiveCfg = Debug|Any CPU
		{0A8AA902-A907-41C0-9B5F-2DDE67D8C4C4}.Debug|x86.Build.0 = Debug|Any CPU
		{0A8AA902-A907-41C0-9B5F-2DDE67D8C4C4}.Release|Any CPU.ActiveCfg = Release|Any CPU
		{0A8AA902-A907-41C0-9B5F-2DDE67D8C4C4}.Release|Any CPU.Build.0 = Release|Any CPU
		{0A8AA902-A907-41C0-9B5F-2DDE67D8C4C4}.Release|x64.ActiveCfg = Release|Any CPU
		{0A8AA902-A907-41C0-9B5F-2DDE67D8C4C4}.Release|x64.Build.0 = Release|Any CPU
		{0A8AA902-A907-41C0-9B5F-2DDE67D8C4C4}.Release|x86.ActiveCfg = Release|Any CPU
		{0A8AA902-A907-41C0-9B5F-2DDE67D8C4C4}.Release|x86.Build.0 = Release|Any CPU
		{B3AB52E7-3CA2-4AC7-8C16-EAA0E50FB151}.Debug|Any CPU.ActiveCfg = Debug|Any CPU
		{B3AB52E7-3CA2-4AC7-8C16-EAA0E50FB151}.Debug|Any CPU.Build.0 = Debug|Any CPU
		{B3AB52E7-3CA2-4AC7-8C16-EAA0E50FB151}.Debug|x64.ActiveCfg = Debug|Any CPU
		{B3AB52E7-3CA2-4AC7-8C16-EAA0E50FB151}.Debug|x64.Build.0 = Debug|Any CPU
		{B3AB52E7-3CA2-4AC7-8C16-EAA0E50FB151}.Debug|x86.ActiveCfg = Debug|Any CPU
		{B3AB52E7-3CA2-4AC7-8C16-EAA0E50FB151}.Debug|x86.Build.0 = Debug|Any CPU
		{B3AB52E7-3CA2-4AC7-8C16-EAA0E50FB151}.Release|Any CPU.ActiveCfg = Release|Any CPU
		{B3AB52E7-3CA2-4AC7-8C16-EAA0E50FB151}.Release|Any CPU.Build.0 = Release|Any CPU
		{B3AB52E7-3CA2-4AC7-8C16-EAA0E50FB151}.Release|x64.ActiveCfg = Release|Any CPU
		{B3AB52E7-3CA2-4AC7-8C16-EAA0E50FB151}.Release|x64.Build.0 = Release|Any CPU
		{B3AB52E7-3CA2-4AC7-8C16-EAA0E50FB151}.Release|x86.ActiveCfg = Release|Any CPU
		{B3AB52E7-3CA2-4AC7-8C16-EAA0E50FB151}.Release|x86.Build.0 = Release|Any CPU
		{4D72213F-AB12-4945-A412-E62E6F6DF05E}.Debug|Any CPU.ActiveCfg = Debug|Any CPU
		{4D72213F-AB12-4945-A412-E62E6F6DF05E}.Debug|Any CPU.Build.0 = Debug|Any CPU
		{4D72213F-AB12-4945-A412-E62E6F6DF05E}.Debug|x64.ActiveCfg = Debug|Any CPU
		{4D72213F-AB12-4945-A412-E62E6F6DF05E}.Debug|x64.Build.0 = Debug|Any CPU
		{4D72213F-AB12-4945-A412-E62E6F6DF05E}.Debug|x86.ActiveCfg = Debug|Any CPU
		{4D72213F-AB12-4945-A412-E62E6F6DF05E}.Debug|x86.Build.0 = Debug|Any CPU
		{4D72213F-AB12-4945-A412-E62E6F6DF05E}.Release|Any CPU.ActiveCfg = Release|Any CPU
		{4D72213F-AB12-4945-A412-E62E6F6DF05E}.Release|Any CPU.Build.0 = Release|Any CPU
		{4D72213F-AB12-4945-A412-E62E6F6DF05E}.Release|x64.ActiveCfg = Release|Any CPU
		{4D72213F-AB12-4945-A412-E62E6F6DF05E}.Release|x64.Build.0 = Release|Any CPU
		{4D72213F-AB12-4945-A412-E62E6F6DF05E}.Release|x86.ActiveCfg = Release|Any CPU
		{4D72213F-AB12-4945-A412-E62E6F6DF05E}.Release|x86.Build.0 = Release|Any CPU
		{74C09327-D4A3-479F-B558-04AA52E17C0E}.Debug|Any CPU.ActiveCfg = Debug|Any CPU
		{74C09327-D4A3-479F-B558-04AA52E17C0E}.Debug|Any CPU.Build.0 = Debug|Any CPU
		{74C09327-D4A3-479F-B558-04AA52E17C0E}.Debug|x64.ActiveCfg = Debug|Any CPU
		{74C09327-D4A3-479F-B558-04AA52E17C0E}.Debug|x64.Build.0 = Debug|Any CPU
		{74C09327-D4A3-479F-B558-04AA52E17C0E}.Debug|x86.ActiveCfg = Debug|Any CPU
		{74C09327-D4A3-479F-B558-04AA52E17C0E}.Debug|x86.Build.0 = Debug|Any CPU
		{74C09327-D4A3-479F-B558-04AA52E17C0E}.Release|Any CPU.ActiveCfg = Release|Any CPU
		{74C09327-D4A3-479F-B558-04AA52E17C0E}.Release|Any CPU.Build.0 = Release|Any CPU
		{74C09327-D4A3-479F-B558-04AA52E17C0E}.Release|x64.ActiveCfg = Release|Any CPU
		{74C09327-D4A3-479F-B558-04AA52E17C0E}.Release|x64.Build.0 = Release|Any CPU
		{74C09327-D4A3-479F-B558-04AA52E17C0E}.Release|x86.ActiveCfg = Release|Any CPU
		{74C09327-D4A3-479F-B558-04AA52E17C0E}.Release|x86.Build.0 = Release|Any CPU
		{554F23DD-9297-4EDF-AF54-D63F178FFC9A}.Debug|Any CPU.ActiveCfg = Debug|Any CPU
		{554F23DD-9297-4EDF-AF54-D63F178FFC9A}.Debug|Any CPU.Build.0 = Debug|Any CPU
		{554F23DD-9297-4EDF-AF54-D63F178FFC9A}.Debug|x64.ActiveCfg = Debug|Any CPU
		{554F23DD-9297-4EDF-AF54-D63F178FFC9A}.Debug|x64.Build.0 = Debug|Any CPU
		{554F23DD-9297-4EDF-AF54-D63F178FFC9A}.Debug|x86.ActiveCfg = Debug|Any CPU
		{554F23DD-9297-4EDF-AF54-D63F178FFC9A}.Debug|x86.Build.0 = Debug|Any CPU
		{554F23DD-9297-4EDF-AF54-D63F178FFC9A}.Release|Any CPU.ActiveCfg = Release|Any CPU
		{554F23DD-9297-4EDF-AF54-D63F178FFC9A}.Release|Any CPU.Build.0 = Release|Any CPU
		{554F23DD-9297-4EDF-AF54-D63F178FFC9A}.Release|x64.ActiveCfg = Release|Any CPU
		{554F23DD-9297-4EDF-AF54-D63F178FFC9A}.Release|x64.Build.0 = Release|Any CPU
		{554F23DD-9297-4EDF-AF54-D63F178FFC9A}.Release|x86.ActiveCfg = Release|Any CPU
		{554F23DD-9297-4EDF-AF54-D63F178FFC9A}.Release|x86.Build.0 = Release|Any CPU
		{B219EB32-238F-4065-9C75-AEC967CEBA8C}.Debug|Any CPU.ActiveCfg = Debug|Any CPU
		{B219EB32-238F-4065-9C75-AEC967CEBA8C}.Debug|Any CPU.Build.0 = Debug|Any CPU
		{B219EB32-238F-4065-9C75-AEC967CEBA8C}.Debug|x64.ActiveCfg = Debug|Any CPU
		{B219EB32-238F-4065-9C75-AEC967CEBA8C}.Debug|x64.Build.0 = Debug|Any CPU
		{B219EB32-238F-4065-9C75-AEC967CEBA8C}.Debug|x86.ActiveCfg = Debug|Any CPU
		{B219EB32-238F-4065-9C75-AEC967CEBA8C}.Debug|x86.Build.0 = Debug|Any CPU
		{B219EB32-238F-4065-9C75-AEC967CEBA8C}.Release|Any CPU.ActiveCfg = Release|Any CPU
		{B219EB32-238F-4065-9C75-AEC967CEBA8C}.Release|Any CPU.Build.0 = Release|Any CPU
		{B219EB32-238F-4065-9C75-AEC967CEBA8C}.Release|x64.ActiveCfg = Release|Any CPU
		{B219EB32-238F-4065-9C75-AEC967CEBA8C}.Release|x64.Build.0 = Release|Any CPU
		{B219EB32-238F-4065-9C75-AEC967CEBA8C}.Release|x86.ActiveCfg = Release|Any CPU
		{B219EB32-238F-4065-9C75-AEC967CEBA8C}.Release|x86.Build.0 = Release|Any CPU
	EndGlobalSection
	GlobalSection(SolutionProperties) = preSolution
		HideSolutionNode = FALSE
	EndGlobalSection
	GlobalSection(NestedProjects) = preSolution
		{ED1A8A96-D7D0-4641-992D-D72622986086} = {1CDE4FB1-742D-4255-B430-E885969135A0}
		{E3633075-D09B-417C-843D-F85012D92744} = {1CDE4FB1-742D-4255-B430-E885969135A0}
		{02BC97FF-FD37-4BBE-B9CC-F2866D043EDC} = {1CDE4FB1-742D-4255-B430-E885969135A0}
		{671894C1-0E7E-43DD-85FB-198C69CEB8DB} = {DE6A286F-1269-4C10-B059-BC100A5B48A9}
		{DE6A286F-1269-4C10-B059-BC100A5B48A9} = {1CDE4FB1-742D-4255-B430-E885969135A0}
		{E73CC82A-C53C-44F5-B369-44C732EC2C6A} = {0AB3BF05-4346-4AA6-1389-037BE0695223}
		{5A0A17C9-A22E-9909-FA36-D0CFCDCA95AA} = {1CDE4FB1-742D-4255-B430-E885969135A0}
		{1CE1FCAF-A1F2-4550-A9A7-870B5DC3C6E3} = {5A0A17C9-A22E-9909-FA36-D0CFCDCA95AA}
		{B76AFE69-1C02-031A-61EE-3FDEEA16B6A6} = {1CDE4FB1-742D-4255-B430-E885969135A0}
		{86B5276B-6A53-7CB4-5648-0D21FB9317E9} = {B76AFE69-1C02-031A-61EE-3FDEEA16B6A6}
		{A9B361C6-CE68-4440-BFAB-0F38013DA0E2} = {86B5276B-6A53-7CB4-5648-0D21FB9317E9}
		{DD2FBD7F-6BEF-4EAE-BB1A-A339B4BC5083} = {86B5276B-6A53-7CB4-5648-0D21FB9317E9}
		{19C9BEB1-D626-4FEA-BD78-6A6F12BAEF37} = {86B5276B-6A53-7CB4-5648-0D21FB9317E9}
		{5E6DB752-B76E-6EF0-10F9-4F4983CF88BF} = {B76AFE69-1C02-031A-61EE-3FDEEA16B6A6}
		{2B04B492-25F1-46CB-ACD1-AD13B85588B9} = {5E6DB752-B76E-6EF0-10F9-4F4983CF88BF}
		{0A8AA902-A907-41C0-9B5F-2DDE67D8C4C4} = {5E6DB752-B76E-6EF0-10F9-4F4983CF88BF}
		{B3AB52E7-3CA2-4AC7-8C16-EAA0E50FB151} = {5E6DB752-B76E-6EF0-10F9-4F4983CF88BF}
		{4D72213F-AB12-4945-A412-E62E6F6DF05E} = {0AB3BF05-4346-4AA6-1389-037BE0695223}
		{55EC4B62-5580-F88B-8BC4-BABCE18D5B62} = {B76AFE69-1C02-031A-61EE-3FDEEA16B6A6}
		{74C09327-D4A3-479F-B558-04AA52E17C0E} = {55EC4B62-5580-F88B-8BC4-BABCE18D5B62}
		{554F23DD-9297-4EDF-AF54-D63F178FFC9A} = {55EC4B62-5580-F88B-8BC4-BABCE18D5B62}
		{B219EB32-238F-4065-9C75-AEC967CEBA8C} = {0AB3BF05-4346-4AA6-1389-037BE0695223}
	EndGlobalSection
EndGlobal
